
Microsoft Visual Studio Solution File, Format Version 12.00
# Visual Studio 2013
VisualStudioVersion = 12.0.21005.1
MinimumVisualStudioVersion = 10.0.40219.1
Project("{FAE04EC0-301F-11D3-BF4B-00C04F79EFBC}") = "Testing", "Testing\Testing.csproj", "{ED02CE05-7890-4FA9-8AEE-318EC06A98C1}"
EndProject
Project("{FAE04EC0-301F-11D3-BF4B-00C04F79EFBC}") = "IntelliUI", "IntelliUI\IntelliUI.csproj", "{85571DB9-B9A2-46B0-8FDC-E5786BC0FF85}"
EndProject
Project("{FAE04EC0-301F-11D3-BF4B-00C04F79EFBC}") = "IntelliCore", "IntelliCore\IntelliCore.csproj", "{CB78C2E1-7A17-4686-AA3C-8A83706BD1DB}"
EndProject
Project("{FAE04EC0-301F-11D3-BF4B-00C04F79EFBC}") = "Notification", "Notification\Notification.csproj", "{1009B373-FB3C-4768-BF3A-771D758ADD9C}"
EndProject
Project("{FAE04EC0-301F-11D3-BF4B-00C04F79EFBC}") = "Engine", "Engine\Engine.csproj", "{6733406B-5FDD-42FA-ABE8-038247F52B4A}"
EndProject
Project("{FAE04EC0-301F-11D3-BF4B-00C04F79EFBC}") = "Configuration", "Configuration\Configuration.csproj", "{E9973336-FA8B-473B-8471-28B99169DB1B}"
EndProject
Project("{FAE04EC0-301F-11D3-BF4B-00C04F79EFBC}") = "Player", "Player\Player.csproj", "{14FC0B9C-86F8-4A41-A3ED-1D8A1FA25F4E}"
EndProject
Project("{FAE04EC0-301F-11D3-BF4B-00C04F79EFBC}") = "UI", "UI\UI.csproj", "{B541B52A-B9BC-4464-B1DB-9FBA1FC54F13}"
EndProject
Project("{FAE04EC0-301F-11D3-BF4B-00C04F79EFBC}") = "Persistence", "Persistence\Persistence.csproj", "{909FFC3D-16C3-4F8A-B3BE-BF4191089532}"
EndProject
Global
	GlobalSection(SolutionConfigurationPlatforms) = preSolution
		Debug|Any CPU = Debug|Any CPU
		Debug|ARM = Debug|ARM
		Debug|x86 = Debug|x86
		Release|Any CPU = Release|Any CPU
		Release|ARM = Release|ARM
		Release|x86 = Release|x86
	EndGlobalSection
	GlobalSection(ProjectConfigurationPlatforms) = postSolution
		{ED02CE05-7890-4FA9-8AEE-318EC06A98C1}.Debug|Any CPU.ActiveCfg = Debug|Any CPU
		{ED02CE05-7890-4FA9-8AEE-318EC06A98C1}.Debug|Any CPU.Build.0 = Debug|Any CPU
		{ED02CE05-7890-4FA9-8AEE-318EC06A98C1}.Debug|ARM.ActiveCfg = Debug|Any CPU
		{ED02CE05-7890-4FA9-8AEE-318EC06A98C1}.Debug|x86.ActiveCfg = Debug|Any CPU
		{ED02CE05-7890-4FA9-8AEE-318EC06A98C1}.Release|Any CPU.ActiveCfg = Release|Any CPU
		{ED02CE05-7890-4FA9-8AEE-318EC06A98C1}.Release|Any CPU.Build.0 = Release|Any CPU
		{ED02CE05-7890-4FA9-8AEE-318EC06A98C1}.Release|ARM.ActiveCfg = Release|Any CPU
		{ED02CE05-7890-4FA9-8AEE-318EC06A98C1}.Release|x86.ActiveCfg = Release|Any CPU
		{85571DB9-B9A2-46B0-8FDC-E5786BC0FF85}.Debug|Any CPU.ActiveCfg = Debug|ARM
		{85571DB9-B9A2-46B0-8FDC-E5786BC0FF85}.Debug|Any CPU.Build.0 = Debug|ARM
		{85571DB9-B9A2-46B0-8FDC-E5786BC0FF85}.Debug|Any CPU.Deploy.0 = Debug|ARM
		{85571DB9-B9A2-46B0-8FDC-E5786BC0FF85}.Debug|ARM.ActiveCfg = Debug|ARM
		{85571DB9-B9A2-46B0-8FDC-E5786BC0FF85}.Debug|ARM.Build.0 = Debug|ARM
		{85571DB9-B9A2-46B0-8FDC-E5786BC0FF85}.Debug|ARM.Deploy.0 = Debug|ARM
		{85571DB9-B9A2-46B0-8FDC-E5786BC0FF85}.Debug|x86.ActiveCfg = Debug|x86
		{85571DB9-B9A2-46B0-8FDC-E5786BC0FF85}.Debug|x86.Build.0 = Debug|x86
		{85571DB9-B9A2-46B0-8FDC-E5786BC0FF85}.Debug|x86.Deploy.0 = Debug|x86
		{85571DB9-B9A2-46B0-8FDC-E5786BC0FF85}.Release|Any CPU.ActiveCfg = Release|Any CPU
		{85571DB9-B9A2-46B0-8FDC-E5786BC0FF85}.Release|Any CPU.Build.0 = Release|Any CPU
		{85571DB9-B9A2-46B0-8FDC-E5786BC0FF85}.Release|Any CPU.Deploy.0 = Release|Any CPU
		{85571DB9-B9A2-46B0-8FDC-E5786BC0FF85}.Release|ARM.ActiveCfg = Release|ARM
		{85571DB9-B9A2-46B0-8FDC-E5786BC0FF85}.Release|ARM.Build.0 = Release|ARM
		{85571DB9-B9A2-46B0-8FDC-E5786BC0FF85}.Release|ARM.Deploy.0 = Release|ARM
		{85571DB9-B9A2-46B0-8FDC-E5786BC0FF85}.Release|x86.ActiveCfg = Release|x86
		{85571DB9-B9A2-46B0-8FDC-E5786BC0FF85}.Release|x86.Build.0 = Release|x86
		{85571DB9-B9A2-46B0-8FDC-E5786BC0FF85}.Release|x86.Deploy.0 = Release|x86
		{CB78C2E1-7A17-4686-AA3C-8A83706BD1DB}.Debug|Any CPU.ActiveCfg = Debug|Any CPU
		{CB78C2E1-7A17-4686-AA3C-8A83706BD1DB}.Debug|Any CPU.Build.0 = Debug|Any CPU
		{CB78C2E1-7A17-4686-AA3C-8A83706BD1DB}.Debug|ARM.ActiveCfg = Debug|ARM
		{CB78C2E1-7A17-4686-AA3C-8A83706BD1DB}.Debug|ARM.Build.0 = Debug|ARM
		{CB78C2E1-7A17-4686-AA3C-8A83706BD1DB}.Debug|x86.ActiveCfg = Debug|x86
		{CB78C2E1-7A17-4686-AA3C-8A83706BD1DB}.Debug|x86.Build.0 = Debug|x86
		{CB78C2E1-7A17-4686-AA3C-8A83706BD1DB}.Release|Any CPU.ActiveCfg = Release|Any CPU
		{CB78C2E1-7A17-4686-AA3C-8A83706BD1DB}.Release|Any CPU.Build.0 = Release|Any CPU
		{CB78C2E1-7A17-4686-AA3C-8A83706BD1DB}.Release|ARM.ActiveCfg = Release|ARM
		{CB78C2E1-7A17-4686-AA3C-8A83706BD1DB}.Release|ARM.Build.0 = Release|ARM
		{CB78C2E1-7A17-4686-AA3C-8A83706BD1DB}.Release|x86.ActiveCfg = Release|x86
		{CB78C2E1-7A17-4686-AA3C-8A83706BD1DB}.Release|x86.Build.0 = Release|x86
		{1009B373-FB3C-4768-BF3A-771D758ADD9C}.Debug|Any CPU.ActiveCfg = Debug|Any CPU
		{1009B373-FB3C-4768-BF3A-771D758ADD9C}.Debug|Any CPU.Build.0 = Debug|Any CPU
		{1009B373-FB3C-4768-BF3A-771D758ADD9C}.Debug|ARM.ActiveCfg = Debug|ARM
		{1009B373-FB3C-4768-BF3A-771D758ADD9C}.Debug|ARM.Build.0 = Debug|ARM
		{1009B373-FB3C-4768-BF3A-771D758ADD9C}.Debug|x86.ActiveCfg = Debug|x86
		{1009B373-FB3C-4768-BF3A-771D758ADD9C}.Debug|x86.Build.0 = Debug|x86
		{1009B373-FB3C-4768-BF3A-771D758ADD9C}.Release|Any CPU.ActiveCfg = Release|Any CPU
		{1009B373-FB3C-4768-BF3A-771D758ADD9C}.Release|Any CPU.Build.0 = Release|Any CPU
		{1009B373-FB3C-4768-BF3A-771D758ADD9C}.Release|ARM.ActiveCfg = Release|ARM
		{1009B373-FB3C-4768-BF3A-771D758ADD9C}.Release|ARM.Build.0 = Release|ARM
		{1009B373-FB3C-4768-BF3A-771D758ADD9C}.Release|x86.ActiveCfg = Release|x86
		{1009B373-FB3C-4768-BF3A-771D758ADD9C}.Release|x86.Build.0 = Release|x86
		{6733406B-5FDD-42FA-ABE8-038247F52B4A}.Debug|Any CPU.ActiveCfg = Debug|Any CPU
		{6733406B-5FDD-42FA-ABE8-038247F52B4A}.Debug|Any CPU.Build.0 = Debug|Any CPU
		{6733406B-5FDD-42FA-ABE8-038247F52B4A}.Debug|ARM.ActiveCfg = Debug|ARM
		{6733406B-5FDD-42FA-ABE8-038247F52B4A}.Debug|ARM.Build.0 = Debug|ARM
		{6733406B-5FDD-42FA-ABE8-038247F52B4A}.Debug|x86.ActiveCfg = Debug|x86
		{6733406B-5FDD-42FA-ABE8-038247F52B4A}.Debug|x86.Build.0 = Debug|x86
		{6733406B-5FDD-42FA-ABE8-038247F52B4A}.Release|Any CPU.ActiveCfg = Release|Any CPU
		{6733406B-5FDD-42FA-ABE8-038247F52B4A}.Release|Any CPU.Build.0 = Release|Any CPU
		{6733406B-5FDD-42FA-ABE8-038247F52B4A}.Release|ARM.ActiveCfg = Release|ARM
		{6733406B-5FDD-42FA-ABE8-038247F52B4A}.Release|ARM.Build.0 = Release|ARM
		{6733406B-5FDD-42FA-ABE8-038247F52B4A}.Release|x86.ActiveCfg = Release|x86
		{6733406B-5FDD-42FA-ABE8-038247F52B4A}.Release|x86.Build.0 = Release|x86
		{E9973336-FA8B-473B-8471-28B99169DB1B}.Debug|Any CPU.ActiveCfg = Debug|Any CPU
		{E9973336-FA8B-473B-8471-28B99169DB1B}.Debug|Any CPU.Build.0 = Debug|Any CPU
		{E9973336-FA8B-473B-8471-28B99169DB1B}.Debug|ARM.ActiveCfg = Debug|ARM
		{E9973336-FA8B-473B-8471-28B99169DB1B}.Debug|ARM.Build.0 = Debug|ARM
		{E9973336-FA8B-473B-8471-28B99169DB1B}.Debug|x86.ActiveCfg = Debug|x86
		{E9973336-FA8B-473B-8471-28B99169DB1B}.Debug|x86.Build.0 = Debug|x86
		{E9973336-FA8B-473B-8471-28B99169DB1B}.Release|Any CPU.ActiveCfg = Release|Any CPU
		{E9973336-FA8B-473B-8471-28B99169DB1B}.Release|Any CPU.Build.0 = Release|Any CPU
		{E9973336-FA8B-473B-8471-28B99169DB1B}.Release|ARM.ActiveCfg = Release|ARM
		{E9973336-FA8B-473B-8471-28B99169DB1B}.Release|ARM.Build.0 = Release|ARM
		{E9973336-FA8B-473B-8471-28B99169DB1B}.Release|x86.ActiveCfg = Release|x86
		{E9973336-FA8B-473B-8471-28B99169DB1B}.Release|x86.Build.0 = Release|x86
		{14FC0B9C-86F8-4A41-A3ED-1D8A1FA25F4E}.Debug|Any CPU.ActiveCfg = Debug|Any CPU
		{14FC0B9C-86F8-4A41-A3ED-1D8A1FA25F4E}.Debug|Any CPU.Build.0 = Debug|Any CPU
		{14FC0B9C-86F8-4A41-A3ED-1D8A1FA25F4E}.Debug|ARM.ActiveCfg = Debug|ARM
		{14FC0B9C-86F8-4A41-A3ED-1D8A1FA25F4E}.Debug|ARM.Build.0 = Debug|ARM
		{14FC0B9C-86F8-4A41-A3ED-1D8A1FA25F4E}.Debug|x86.ActiveCfg = Debug|x86
		{14FC0B9C-86F8-4A41-A3ED-1D8A1FA25F4E}.Debug|x86.Build.0 = Debug|x86
		{14FC0B9C-86F8-4A41-A3ED-1D8A1FA25F4E}.Release|Any CPU.ActiveCfg = Release|Any CPU
		{14FC0B9C-86F8-4A41-A3ED-1D8A1FA25F4E}.Release|Any CPU.Build.0 = Release|Any CPU
		{14FC0B9C-86F8-4A41-A3ED-1D8A1FA25F4E}.Release|ARM.ActiveCfg = Release|ARM
		{14FC0B9C-86F8-4A41-A3ED-1D8A1FA25F4E}.Release|ARM.Build.0 = Release|ARM
		{14FC0B9C-86F8-4A41-A3ED-1D8A1FA25F4E}.Release|x86.ActiveCfg = Release|x86
		{14FC0B9C-86F8-4A41-A3ED-1D8A1FA25F4E}.Release|x86.Build.0 = Release|x86
		{B541B52A-B9BC-4464-B1DB-9FBA1FC54F13}.Debug|Any CPU.ActiveCfg = Debug|Any CPU
		{B541B52A-B9BC-4464-B1DB-9FBA1FC54F13}.Debug|Any CPU.Build.0 = Debug|Any CPU
		{B541B52A-B9BC-4464-B1DB-9FBA1FC54F13}.Debug|ARM.ActiveCfg = Debug|ARM
		{B541B52A-B9BC-4464-B1DB-9FBA1FC54F13}.Debug|ARM.Build.0 = Debug|ARM
		{B541B52A-B9BC-4464-B1DB-9FBA1FC54F13}.Debug|x86.ActiveCfg = Debug|x86
		{B541B52A-B9BC-4464-B1DB-9FBA1FC54F13}.Debug|x86.Build.0 = Debug|x86
		{B541B52A-B9BC-4464-B1DB-9FBA1FC54F13}.Release|Any CPU.ActiveCfg = Release|Any CPU
		{B541B52A-B9BC-4464-B1DB-9FBA1FC54F13}.Release|Any CPU.Build.0 = Release|Any CPU
		{B541B52A-B9BC-4464-B1DB-9FBA1FC54F13}.Release|ARM.ActiveCfg = Release|ARM
		{B541B52A-B9BC-4464-B1DB-9FBA1FC54F13}.Release|ARM.Build.0 = Release|ARM
		{B541B52A-B9BC-4464-B1DB-9FBA1FC54F13}.Release|x86.ActiveCfg = Release|x86
		{B541B52A-B9BC-4464-B1DB-9FBA1FC54F13}.Release|x86.Build.0 = Release|x86
		{909FFC3D-16C3-4F8A-B3BE-BF4191089532}.Debug|Any CPU.ActiveCfg = Debug|ARM
		{909FFC3D-16C3-4F8A-B3BE-BF4191089532}.Debug|Any CPU.Build.0 = Debug|ARM
		{909FFC3D-16C3-4F8A-B3BE-BF4191089532}.Debug|ARM.ActiveCfg = Debug|ARM
		{909FFC3D-16C3-4F8A-B3BE-BF4191089532}.Debug|ARM.Build.0 = Debug|ARM
		{909FFC3D-16C3-4F8A-B3BE-BF4191089532}.Debug|x86.ActiveCfg = Debug|x86
		{909FFC3D-16C3-4F8A-B3BE-BF4191089532}.Debug|x86.Build.0 = Debug|x86
		{909FFC3D-16C3-4F8A-B3BE-BF4191089532}.Release|Any CPU.ActiveCfg = Release|Any CPU
		{909FFC3D-16C3-4F8A-B3BE-BF4191089532}.Release|Any CPU.Build.0 = Release|Any CPU
		{909FFC3D-16C3-4F8A-B3BE-BF4191089532}.Release|ARM.ActiveCfg = Release|ARM
		{909FFC3D-16C3-4F8A-B3BE-BF4191089532}.Release|ARM.Build.0 = Release|ARM
		{909FFC3D-16C3-4F8A-B3BE-BF4191089532}.Release|x86.ActiveCfg = Release|x86
		{909FFC3D-16C3-4F8A-B3BE-BF4191089532}.Release|x86.Build.0 = Release|x86
	EndGlobalSection
	GlobalSection(SolutionProperties) = preSolution
		HideSolutionNode = FALSE
	EndGlobalSection
EndGlobal
